
Microsoft Visual Studio Solution File, Format Version 12.00
# Visual Studio Version 17
VisualStudioVersion = 17.13.35825.156 d17.13
MinimumVisualStudioVersion = 10.0.40219.1
Project("{8BC9CEB8-8B4A-11D0-8D11-00A0C91BC942}") = "Tema_Seminar_7", "Tema_Seminar_7\Tema_Seminar_7.vcxproj", "{A9362214-BEF3-431F-9DB0-AEA4C9F16FF7}"
EndProject
Global
	GlobalSection(SolutionConfigurationPlatforms) = preSolution
		Debug|x64 = Debug|x64
		Debug|x86 = Debug|x86
		Release|x64 = Release|x64
		Release|x86 = Release|x86
	EndGlobalSection
	GlobalSection(ProjectConfigurationPlatforms) = postSolution
		{A9362214-BEF3-431F-9DB0-AEA4C9F16FF7}.Debug|x64.ActiveCfg = Debug|x64
		{A9362214-BEF3-431F-9DB0-AEA4C9F16FF7}.Debug|x64.Build.0 = Debug|x64
		{A9362214-BEF3-431F-9DB0-AEA4C9F16FF7}.Debug|x86.ActiveCfg = Debug|Win32
		{A9362214-BEF3-431F-9DB0-AEA4C9F16FF7}.Debug|x86.Build.0 = Debug|Win32
		{A9362214-BEF3-431F-9DB0-AEA4C9F16FF7}.Release|x64.ActiveCfg = Release|x64
		{A9362214-BEF3-431F-9DB0-AEA4C9F16FF7}.Release|x64.Build.0 = Release|x64
		{A9362214-BEF3-431F-9DB0-AEA4C9F16FF7}.Release|x86.ActiveCfg = Release|Win32
		{A9362214-BEF3-431F-9DB0-AEA4C9F16FF7}.Release|x86.Build.0 = Release|Win32
	EndGlobalSection
	GlobalSection(SolutionProperties) = preSolution
		HideSolutionNode = FALSE
	EndGlobalSection
	GlobalSection(ExtensibilityGlobals) = postSolution
		SolutionGuid = {BAACCB87-0CF1-485F-A936-536FE45A4119}
	EndGlobalSection
EndGlobal
