
Microsoft Visual Studio Solution File, Format Version 12.00
# Visual Studio Version 17
VisualStudioVersion = 17.14.36121.58 d17.14
MinimumVisualStudioVersion = 10.0.40219.1
Project("{8BC9CEB8-8B4A-11D0-8D11-00A0C91BC942}") = "Exersare_12", "Exersare_12\Exersare_12.vcxproj", "{38E17F88-E435-4291-A4DD-7B463283CFCD}"
EndProject
Global
	GlobalSection(SolutionConfigurationPlatforms) = preSolution
		Debug|x64 = Debug|x64
		Debug|x86 = Debug|x86
		Release|x64 = Release|x64
		Release|x86 = Release|x86
	EndGlobalSection
	GlobalSection(ProjectConfigurationPlatforms) = postSolution
		{38E17F88-E435-4291-A4DD-7B463283CFCD}.Debug|x64.ActiveCfg = Debug|x64
		{38E17F88-E435-4291-A4DD-7B463283CFCD}.Debug|x64.Build.0 = Debug|x64
		{38E17F88-E435-4291-A4DD-7B463283CFCD}.Debug|x86.ActiveCfg = Debug|Win32
		{38E17F88-E435-4291-A4DD-7B463283CFCD}.Debug|x86.Build.0 = Debug|Win32
		{38E17F88-E435-4291-A4DD-7B463283CFCD}.Release|x64.ActiveCfg = Release|x64
		{38E17F88-E435-4291-A4DD-7B463283CFCD}.Release|x64.Build.0 = Release|x64
		{38E17F88-E435-4291-A4DD-7B463283CFCD}.Release|x86.ActiveCfg = Release|Win32
		{38E17F88-E435-4291-A4DD-7B463283CFCD}.Release|x86.Build.0 = Release|Win32
	EndGlobalSection
	GlobalSection(SolutionProperties) = preSolution
		HideSolutionNode = FALSE
	EndGlobalSection
	GlobalSection(ExtensibilityGlobals) = postSolution
		SolutionGuid = {1AA1E196-2DA6-4A46-9C80-6F3575C07A4E}
	EndGlobalSection
EndGlobal
